
Microsoft Visual Studio Solution File, Format Version 12.00
# Visual Studio 14
VisualStudioVersion = 14.0.25420.1
MinimumVisualStudioVersion = 10.0.40219.1
Project("{FAE04EC0-301F-11D3-BF4B-00C04F79EFBC}") = "Client", "Client\Client.csproj", "{B8578304-C8AC-4689-B8BD-22A8BD95100B}"
	ProjectSection(ProjectDependencies) = postProject
		{6C2D71A1-AA5E-42A3-B2C1-786ACF4F4C36} = {6C2D71A1-AA5E-42A3-B2C1-786ACF4F4C36}
	EndProjectSection
EndProject
Project("{FAE04EC0-301F-11D3-BF4B-00C04F79EFBC}") = "DomainModel", "DomainModel\DomainModel.csproj", "{A72CAA57-783D-4491-902C-6C52FCA565DF}"
EndProject
Project("{FAE04EC0-301F-11D3-BF4B-00C04F79EFBC}") = "Server", "Server\Server.csproj", "{6C2D71A1-AA5E-42A3-B2C1-786ACF4F4C36}"
EndProject
Global
	GlobalSection(SolutionConfigurationPlatforms) = preSolution
		Debug|Any CPU = Debug|Any CPU
		Release|Any CPU = Release|Any CPU
	EndGlobalSection
	GlobalSection(ProjectConfigurationPlatforms) = postSolution
		{B8578304-C8AC-4689-B8BD-22A8BD95100B}.Debug|Any CPU.ActiveCfg = Debug|Any CPU
		{B8578304-C8AC-4689-B8BD-22A8BD95100B}.Debug|Any CPU.Build.0 = Debug|Any CPU
		{B8578304-C8AC-4689-B8BD-22A8BD95100B}.Release|Any CPU.ActiveCfg = Release|Any CPU
		{B8578304-C8AC-4689-B8BD-22A8BD95100B}.Release|Any CPU.Build.0 = Release|Any CPU
		{A72CAA57-783D-4491-902C-6C52FCA565DF}.Debug|Any CPU.ActiveCfg = Debug|Any CPU
		{A72CAA57-783D-4491-902C-6C52FCA565DF}.Debug|Any CPU.Build.0 = Debug|Any CPU
		{A72CAA57-783D-4491-902C-6C52FCA565DF}.Release|Any CPU.ActiveCfg = Release|Any CPU
		{A72CAA57-783D-4491-902C-6C52FCA565DF}.Release|Any CPU.Build.0 = Release|Any CPU
		{6C2D71A1-AA5E-42A3-B2C1-786ACF4F4C36}.Debug|Any CPU.ActiveCfg = Debug|Any CPU
		{6C2D71A1-AA5E-42A3-B2C1-786ACF4F4C36}.Debug|Any CPU.Build.0 = Debug|Any CPU
		{6C2D71A1-AA5E-42A3-B2C1-786ACF4F4C36}.Release|Any CPU.ActiveCfg = Release|Any CPU
		{6C2D71A1-AA5E-42A3-B2C1-786ACF4F4C36}.Release|Any CPU.Build.0 = Release|Any CPU
	EndGlobalSection
	GlobalSection(SolutionProperties) = preSolution
		HideSolutionNode = FALSE
	EndGlobalSection
EndGlobal
