
Microsoft Visual Studio Solution File, Format Version 12.00
# Visual Studio 2013
VisualStudioVersion = 12.0.31101.0
MinimumVisualStudioVersion = 10.0.40219.1
Project("{FAE04EC0-301F-11D3-BF4B-00C04F79EFBC}") = "Task1GreaterNumber", "Task1GreaterNumber\Task1GreaterNumber.csproj", "{0116D8AE-2138-4E78-8FBC-104DF1A3684B}"
EndProject
Project("{FAE04EC0-301F-11D3-BF4B-00C04F79EFBC}") = "Task2CatAndDog", "Task2CatAndDog\Task2CatAndDog.csproj", "{C283B085-0FF3-43C9-B4C6-C83780F0A79B}"
EndProject
Project("{FAE04EC0-301F-11D3-BF4B-00C04F79EFBC}") = "Task3NumberOfMonth", "Task3NumberOfMonth\Task3NumberOfMonth.csproj", "{04454403-D802-4D8F-B607-0248C8CA3522}"
EndProject
Project("{FAE04EC0-301F-11D3-BF4B-00C04F79EFBC}") = "Task4GoodAndBad", "Task4GoodAndBad\Task4GoodAndBad.csproj", "{980D73F2-1E81-4F85-B240-549FC49C9B2F}"
EndProject
Project("{FAE04EC0-301F-11D3-BF4B-00C04F79EFBC}") = "Task5NumberOfDay", "Task5NumberOfDay\Task5NumberOfDay.csproj", "{4CA91744-6B26-43DD-BA93-85431BA65B22}"
EndProject
Project("{FAE04EC0-301F-11D3-BF4B-00C04F79EFBC}") = "Task6Taxi", "Task6Taxi\Task6Taxi.csproj", "{DB323CE5-80A8-4D80-BD92-E2DC015D4B9A}"
EndProject
Project("{FAE04EC0-301F-11D3-BF4B-00C04F79EFBC}") = "Task7IsDigitSimple", "Task7IsDigitSimple\Task7IsDigitSimple.csproj", "{D9809A78-2E4F-4CB1-9932-D8EBFA7BB294}"
EndProject
Project("{FAE04EC0-301F-11D3-BF4B-00C04F79EFBC}") = "Task8Lottery", "Task8Lottery\Task8Lottery.csproj", "{7D47E871-F420-443A-8D16-B7840914F3FD}"
EndProject
Project("{FAE04EC0-301F-11D3-BF4B-00C04F79EFBC}") = "Task9CurrencyConverter", "Task9CurrencyConverter\Task9CurrencyConverter.csproj", "{FFB09837-4705-41D7-883A-62AF358BC1F3}"
EndProject
Global
	GlobalSection(SolutionConfigurationPlatforms) = preSolution
		Debug|Any CPU = Debug|Any CPU
		Release|Any CPU = Release|Any CPU
	EndGlobalSection
	GlobalSection(ProjectConfigurationPlatforms) = postSolution
		{0116D8AE-2138-4E78-8FBC-104DF1A3684B}.Debug|Any CPU.ActiveCfg = Debug|Any CPU
		{0116D8AE-2138-4E78-8FBC-104DF1A3684B}.Debug|Any CPU.Build.0 = Debug|Any CPU
		{0116D8AE-2138-4E78-8FBC-104DF1A3684B}.Release|Any CPU.ActiveCfg = Release|Any CPU
		{0116D8AE-2138-4E78-8FBC-104DF1A3684B}.Release|Any CPU.Build.0 = Release|Any CPU
		{C283B085-0FF3-43C9-B4C6-C83780F0A79B}.Debug|Any CPU.ActiveCfg = Debug|Any CPU
		{C283B085-0FF3-43C9-B4C6-C83780F0A79B}.Debug|Any CPU.Build.0 = Debug|Any CPU
		{C283B085-0FF3-43C9-B4C6-C83780F0A79B}.Release|Any CPU.ActiveCfg = Release|Any CPU
		{C283B085-0FF3-43C9-B4C6-C83780F0A79B}.Release|Any CPU.Build.0 = Release|Any CPU
		{04454403-D802-4D8F-B607-0248C8CA3522}.Debug|Any CPU.ActiveCfg = Debug|Any CPU
		{04454403-D802-4D8F-B607-0248C8CA3522}.Debug|Any CPU.Build.0 = Debug|Any CPU
		{04454403-D802-4D8F-B607-0248C8CA3522}.Release|Any CPU.ActiveCfg = Release|Any CPU
		{04454403-D802-4D8F-B607-0248C8CA3522}.Release|Any CPU.Build.0 = Release|Any CPU
		{980D73F2-1E81-4F85-B240-549FC49C9B2F}.Debug|Any CPU.ActiveCfg = Debug|Any CPU
		{980D73F2-1E81-4F85-B240-549FC49C9B2F}.Debug|Any CPU.Build.0 = Debug|Any CPU
		{980D73F2-1E81-4F85-B240-549FC49C9B2F}.Release|Any CPU.ActiveCfg = Release|Any CPU
		{980D73F2-1E81-4F85-B240-549FC49C9B2F}.Release|Any CPU.Build.0 = Release|Any CPU
		{4CA91744-6B26-43DD-BA93-85431BA65B22}.Debug|Any CPU.ActiveCfg = Debug|Any CPU
		{4CA91744-6B26-43DD-BA93-85431BA65B22}.Debug|Any CPU.Build.0 = Debug|Any CPU
		{4CA91744-6B26-43DD-BA93-85431BA65B22}.Release|Any CPU.ActiveCfg = Release|Any CPU
		{4CA91744-6B26-43DD-BA93-85431BA65B22}.Release|Any CPU.Build.0 = Release|Any CPU
		{DB323CE5-80A8-4D80-BD92-E2DC015D4B9A}.Debug|Any CPU.ActiveCfg = Debug|Any CPU
		{DB323CE5-80A8-4D80-BD92-E2DC015D4B9A}.Debug|Any CPU.Build.0 = Debug|Any CPU
		{DB323CE5-80A8-4D80-BD92-E2DC015D4B9A}.Release|Any CPU.ActiveCfg = Release|Any CPU
		{DB323CE5-80A8-4D80-BD92-E2DC015D4B9A}.Release|Any CPU.Build.0 = Release|Any CPU
		{D9809A78-2E4F-4CB1-9932-D8EBFA7BB294}.Debug|Any CPU.ActiveCfg = Debug|Any CPU
		{D9809A78-2E4F-4CB1-9932-D8EBFA7BB294}.Debug|Any CPU.Build.0 = Debug|Any CPU
		{D9809A78-2E4F-4CB1-9932-D8EBFA7BB294}.Release|Any CPU.ActiveCfg = Release|Any CPU
		{D9809A78-2E4F-4CB1-9932-D8EBFA7BB294}.Release|Any CPU.Build.0 = Release|Any CPU
		{7D47E871-F420-443A-8D16-B7840914F3FD}.Debug|Any CPU.ActiveCfg = Debug|Any CPU
		{7D47E871-F420-443A-8D16-B7840914F3FD}.Debug|Any CPU.Build.0 = Debug|Any CPU
		{7D47E871-F420-443A-8D16-B7840914F3FD}.Release|Any CPU.ActiveCfg = Release|Any CPU
		{7D47E871-F420-443A-8D16-B7840914F3FD}.Release|Any CPU.Build.0 = Release|Any CPU
		{FFB09837-4705-41D7-883A-62AF358BC1F3}.Debug|Any CPU.ActiveCfg = Debug|Any CPU
		{FFB09837-4705-41D7-883A-62AF358BC1F3}.Debug|Any CPU.Build.0 = Debug|Any CPU
		{FFB09837-4705-41D7-883A-62AF358BC1F3}.Release|Any CPU.ActiveCfg = Release|Any CPU
		{FFB09837-4705-41D7-883A-62AF358BC1F3}.Release|Any CPU.Build.0 = Release|Any CPU
	EndGlobalSection
	GlobalSection(SolutionProperties) = preSolution
		HideSolutionNode = FALSE
	EndGlobalSection
EndGlobal
