
Microsoft Visual Studio Solution File, Format Version 12.00
# Visual Studio 14
VisualStudioVersion = 14.0.23107.0
MinimumVisualStudioVersion = 10.0.40219.1
Project("{FAE04EC0-301F-11D3-BF4B-00C04F79EFBC}") = "1_Printer", "1_Printer\1_Printer.csproj", "{C5D2C685-C79B-45BB-AA71-637004887A80}"
EndProject
Project("{FAE04EC0-301F-11D3-BF4B-00C04F79EFBC}") = "2_ClassRoom", "2_ClassRoom\2_ClassRoom.csproj", "{392DA49A-B626-4E9B-AA2D-2BFCEE5851F9}"
EndProject
Project("{FAE04EC0-301F-11D3-BF4B-00C04F79EFBC}") = "3_Vehicle", "3_Vehicle\3_Vehicle.csproj", "{3F8481BE-7FA4-473C-B8A3-FC6A8FA634B4}"
EndProject
Project("{FAE04EC0-301F-11D3-BF4B-00C04F79EFBC}") = "4_DocumentWorker", "4_DocumentWorker\4_DocumentWorker.csproj", "{89F0CFF6-A56B-44DA-B331-41A5ABD9BE3C}"
EndProject
Global
	GlobalSection(SolutionConfigurationPlatforms) = preSolution
		Debug|Any CPU = Debug|Any CPU
		Release|Any CPU = Release|Any CPU
	EndGlobalSection
	GlobalSection(ProjectConfigurationPlatforms) = postSolution
		{C5D2C685-C79B-45BB-AA71-637004887A80}.Debug|Any CPU.ActiveCfg = Debug|Any CPU
		{C5D2C685-C79B-45BB-AA71-637004887A80}.Debug|Any CPU.Build.0 = Debug|Any CPU
		{C5D2C685-C79B-45BB-AA71-637004887A80}.Release|Any CPU.ActiveCfg = Release|Any CPU
		{C5D2C685-C79B-45BB-AA71-637004887A80}.Release|Any CPU.Build.0 = Release|Any CPU
		{392DA49A-B626-4E9B-AA2D-2BFCEE5851F9}.Debug|Any CPU.ActiveCfg = Debug|Any CPU
		{392DA49A-B626-4E9B-AA2D-2BFCEE5851F9}.Debug|Any CPU.Build.0 = Debug|Any CPU
		{392DA49A-B626-4E9B-AA2D-2BFCEE5851F9}.Release|Any CPU.ActiveCfg = Release|Any CPU
		{392DA49A-B626-4E9B-AA2D-2BFCEE5851F9}.Release|Any CPU.Build.0 = Release|Any CPU
		{3F8481BE-7FA4-473C-B8A3-FC6A8FA634B4}.Debug|Any CPU.ActiveCfg = Debug|Any CPU
		{3F8481BE-7FA4-473C-B8A3-FC6A8FA634B4}.Debug|Any CPU.Build.0 = Debug|Any CPU
		{3F8481BE-7FA4-473C-B8A3-FC6A8FA634B4}.Release|Any CPU.ActiveCfg = Release|Any CPU
		{3F8481BE-7FA4-473C-B8A3-FC6A8FA634B4}.Release|Any CPU.Build.0 = Release|Any CPU
		{89F0CFF6-A56B-44DA-B331-41A5ABD9BE3C}.Debug|Any CPU.ActiveCfg = Debug|Any CPU
		{89F0CFF6-A56B-44DA-B331-41A5ABD9BE3C}.Debug|Any CPU.Build.0 = Debug|Any CPU
		{89F0CFF6-A56B-44DA-B331-41A5ABD9BE3C}.Release|Any CPU.ActiveCfg = Release|Any CPU
		{89F0CFF6-A56B-44DA-B331-41A5ABD9BE3C}.Release|Any CPU.Build.0 = Release|Any CPU
	EndGlobalSection
	GlobalSection(SolutionProperties) = preSolution
		HideSolutionNode = FALSE
	EndGlobalSection
EndGlobal
