
Microsoft Visual Studio Solution File, Format Version 11.00
# Visual Studio 2010
Project("{FAE04EC0-301F-11D3-BF4B-00C04F79EFBC}") = "3_1_Multiply", "3_1_Multiply\3_1_Multiply.csproj", "{7C2B2FA5-46DE-42EB-B6C2-79BA51154C5A}"
EndProject
Global
	GlobalSection(SolutionConfigurationPlatforms) = preSolution
		Debug|x86 = Debug|x86
		Release|x86 = Release|x86
	EndGlobalSection
	GlobalSection(ProjectConfigurationPlatforms) = postSolution
		{7C2B2FA5-46DE-42EB-B6C2-79BA51154C5A}.Debug|x86.ActiveCfg = Debug|x86
		{7C2B2FA5-46DE-42EB-B6C2-79BA51154C5A}.Debug|x86.Build.0 = Debug|x86
		{7C2B2FA5-46DE-42EB-B6C2-79BA51154C5A}.Release|x86.ActiveCfg = Release|x86
		{7C2B2FA5-46DE-42EB-B6C2-79BA51154C5A}.Release|x86.Build.0 = Release|x86
	EndGlobalSection
	GlobalSection(SolutionProperties) = preSolution
		HideSolutionNode = FALSE
	EndGlobalSection
EndGlobal
