
Microsoft Visual Studio Solution File, Format Version 11.00
# Visual Studio 2010
Project("{FAE04EC0-301F-11D3-BF4B-00C04F79EFBC}") = "2_8_Loto", "2_8_Loto\2_8_Loto.csproj", "{04895EF0-A429-4A46-BCAF-DBFE2E911A1D}"
EndProject
Global
	GlobalSection(SolutionConfigurationPlatforms) = preSolution
		Debug|x86 = Debug|x86
		Release|x86 = Release|x86
	EndGlobalSection
	GlobalSection(ProjectConfigurationPlatforms) = postSolution
		{04895EF0-A429-4A46-BCAF-DBFE2E911A1D}.Debug|x86.ActiveCfg = Debug|x86
		{04895EF0-A429-4A46-BCAF-DBFE2E911A1D}.Debug|x86.Build.0 = Debug|x86
		{04895EF0-A429-4A46-BCAF-DBFE2E911A1D}.Release|x86.ActiveCfg = Release|x86
		{04895EF0-A429-4A46-BCAF-DBFE2E911A1D}.Release|x86.Build.0 = Release|x86
	EndGlobalSection
	GlobalSection(SolutionProperties) = preSolution
		HideSolutionNode = FALSE
	EndGlobalSection
EndGlobal
