
Microsoft Visual Studio Solution File, Format Version 12.00
# Visual Studio 14
VisualStudioVersion = 14.0.23107.0
MinimumVisualStudioVersion = 10.0.40219.1
Project("{FAE04EC0-301F-11D3-BF4B-00C04F79EFBC}") = "1_Notebook", "1_Notebook\1_Notebook.csproj", "{77817169-3ABE-4337-BAEC-A42F9658A2D2}"
EndProject
Project("{FAE04EC0-301F-11D3-BF4B-00C04F79EFBC}") = "2_Train", "2_Train\2_Train.csproj", "{59639EAE-0369-4A1E-97BF-E0C8C4F6702E}"
EndProject
Project("{FAE04EC0-301F-11D3-BF4B-00C04F79EFBC}") = "3_MyClassMyStruct", "3_MyClassMyStruct\3_MyClassMyStruct.csproj", "{2984E764-F28B-4D7B-8202-53F2037ABF32}"
EndProject
Project("{FAE04EC0-301F-11D3-BF4B-00C04F79EFBC}") = "4_Birthday", "4_Birthday\4_Birthday.csproj", "{96106EB7-B393-407F-B6AF-C63A7983551D}"
EndProject
Project("{FAE04EC0-301F-11D3-BF4B-00C04F79EFBC}") = "5_Printer", "5_Printer\5_Printer.csproj", "{44063638-BD52-4E91-88CE-58B209212D06}"
EndProject
Project("{FAE04EC0-301F-11D3-BF4B-00C04F79EFBC}") = "6_Accauntant", "6_Accauntant\6_Accauntant.csproj", "{A93433B5-F39B-4C04-968F-9F57C3DC3462}"
EndProject
Global
	GlobalSection(SolutionConfigurationPlatforms) = preSolution
		Debug|Any CPU = Debug|Any CPU
		Release|Any CPU = Release|Any CPU
	EndGlobalSection
	GlobalSection(ProjectConfigurationPlatforms) = postSolution
		{77817169-3ABE-4337-BAEC-A42F9658A2D2}.Debug|Any CPU.ActiveCfg = Debug|Any CPU
		{77817169-3ABE-4337-BAEC-A42F9658A2D2}.Debug|Any CPU.Build.0 = Debug|Any CPU
		{77817169-3ABE-4337-BAEC-A42F9658A2D2}.Release|Any CPU.ActiveCfg = Release|Any CPU
		{77817169-3ABE-4337-BAEC-A42F9658A2D2}.Release|Any CPU.Build.0 = Release|Any CPU
		{59639EAE-0369-4A1E-97BF-E0C8C4F6702E}.Debug|Any CPU.ActiveCfg = Debug|Any CPU
		{59639EAE-0369-4A1E-97BF-E0C8C4F6702E}.Debug|Any CPU.Build.0 = Debug|Any CPU
		{59639EAE-0369-4A1E-97BF-E0C8C4F6702E}.Release|Any CPU.ActiveCfg = Release|Any CPU
		{59639EAE-0369-4A1E-97BF-E0C8C4F6702E}.Release|Any CPU.Build.0 = Release|Any CPU
		{2984E764-F28B-4D7B-8202-53F2037ABF32}.Debug|Any CPU.ActiveCfg = Debug|Any CPU
		{2984E764-F28B-4D7B-8202-53F2037ABF32}.Debug|Any CPU.Build.0 = Debug|Any CPU
		{2984E764-F28B-4D7B-8202-53F2037ABF32}.Release|Any CPU.ActiveCfg = Release|Any CPU
		{2984E764-F28B-4D7B-8202-53F2037ABF32}.Release|Any CPU.Build.0 = Release|Any CPU
		{96106EB7-B393-407F-B6AF-C63A7983551D}.Debug|Any CPU.ActiveCfg = Debug|Any CPU
		{96106EB7-B393-407F-B6AF-C63A7983551D}.Debug|Any CPU.Build.0 = Debug|Any CPU
		{96106EB7-B393-407F-B6AF-C63A7983551D}.Release|Any CPU.ActiveCfg = Release|Any CPU
		{96106EB7-B393-407F-B6AF-C63A7983551D}.Release|Any CPU.Build.0 = Release|Any CPU
		{44063638-BD52-4E91-88CE-58B209212D06}.Debug|Any CPU.ActiveCfg = Debug|Any CPU
		{44063638-BD52-4E91-88CE-58B209212D06}.Debug|Any CPU.Build.0 = Debug|Any CPU
		{44063638-BD52-4E91-88CE-58B209212D06}.Release|Any CPU.ActiveCfg = Release|Any CPU
		{44063638-BD52-4E91-88CE-58B209212D06}.Release|Any CPU.Build.0 = Release|Any CPU
		{A93433B5-F39B-4C04-968F-9F57C3DC3462}.Debug|Any CPU.ActiveCfg = Debug|Any CPU
		{A93433B5-F39B-4C04-968F-9F57C3DC3462}.Debug|Any CPU.Build.0 = Debug|Any CPU
		{A93433B5-F39B-4C04-968F-9F57C3DC3462}.Release|Any CPU.ActiveCfg = Release|Any CPU
		{A93433B5-F39B-4C04-968F-9F57C3DC3462}.Release|Any CPU.Build.0 = Release|Any CPU
	EndGlobalSection
	GlobalSection(SolutionProperties) = preSolution
		HideSolutionNode = FALSE
	EndGlobalSection
EndGlobal
